{
  "pins" : [
    {
      "identity" : "ansiterminalmodified",
      "kind" : "remoteSourceControl",
      "location" : "https://github.com/nikolainobadi/ANSITerminalModified",
      "state" : {
        "revision" : "0eedbc2bbf75e6513190274f8246a851fae6d015",
        "version" : "0.5.0"
      }
    }
  ],
  "version" : 2
}
